// !$*UTF8*$!
{
	archiveVersion = 1;
	classes = {
	};
	objectVersion = 55;
	objects = {

/* Begin PBXBuildFile section */
		05A51B4C42627BBC2EA73738 /* Pods_flixsterTests.framework in Frameworks */ = {isa = PBXBuildFile; fileRef = D18E2F8124960E7512DDA9FF /* Pods_flixsterTests.framework */; };
		1B584229B23332CAD980A5F5 /* Pods_flixster_flixsterUITests.framework in Frameworks */ = {isa = PBXBuildFile; fileRef = 5601C53158AE9DBCDA03F2E2 /* Pods_flixster_flixsterUITests.framework */; };
		F17CFD2827B3750A000E3121 /* AppDelegate.swift in Sources */ = {isa = PBXBuildFile; fileRef = F17CFD2727B3750A000E3121 /* AppDelegate.swift */; };
		F17CFD2A27B3750A000E3121 /* SceneDelegate.swift in Sources */ = {isa = PBXBuildFile; fileRef = F17CFD2927B3750A000E3121 /* SceneDelegate.swift */; };
		F17CFD2C27B3750A000E3121 /* ViewController.swift in Sources */ = {isa = PBXBuildFile; fileRef = F17CFD2B27B3750A000E3121 /* ViewController.swift */; };
		F17CFD2F27B3750A000E3121 /* Main.storyboard in Resources */ = {isa = PBXBuildFile; fileRef = F17CFD2D27B3750A000E3121 /* Main.storyboard */; };
		F17CFD3127B3750B000E3121 /* Assets.xcassets in Resources */ = {isa = PBXBuildFile; fileRef = F17CFD3027B3750B000E3121 /* Assets.xcassets */; };
		F17CFD3427B3750B000E3121 /* LaunchScreen.storyboard in Resources */ = {isa = PBXBuildFile; fileRef = F17CFD3227B3750B000E3121 /* LaunchScreen.storyboard */; };
		F17CFD3F27B3750B000E3121 /* flixsterTests.swift in Sources */ = {isa = PBXBuildFile; fileRef = F17CFD3E27B3750B000E3121 /* flixsterTests.swift */; };
		F17CFD4927B3750B000E3121 /* flixsterUITests.swift in Sources */ = {isa = PBXBuildFile; fileRef = F17CFD4827B3750B000E3121 /* flixsterUITests.swift */; };
		F17CFD4B27B3750B000E3121 /* flixsterUITestsLaunchTests.swift in Sources */ = {isa = PBXBuildFile; fileRef = F17CFD4A27B3750B000E3121 /* flixsterUITestsLaunchTests.swift */; };
		F17CFD5827B39CDC000E3121 /* MovieCell.swift in Sources */ = {isa = PBXBuildFile; fileRef = F17CFD5727B39CDC000E3121 /* MovieCell.swift */; };
		F17CFD5B27B3A497000E3121 /* AlamofireImage in Frameworks */ = {isa = PBXBuildFile; productRef = F17CFD5A27B3A497000E3121 /* AlamofireImage */; };
		F956DE63CF1FB1DE355294A2 /* Pods_flixster.framework in Frameworks */ = {isa = PBXBuildFile; fileRef = 4562741C52F3D81F4343B308 /* Pods_flixster.framework */; };
/* End PBXBuildFile section */

/* Begin PBXContainerItemProxy section */
		F17CFD3B27B3750B000E3121 /* PBXContainerItemProxy */ = {
			isa = PBXContainerItemProxy;
			containerPortal = F17CFD1C27B3750A000E3121 /* Project object */;
			proxyType = 1;
			remoteGlobalIDString = F17CFD2327B3750A000E3121;
			remoteInfo = flixster;
		};
		F17CFD4527B3750B000E3121 /* PBXContainerItemProxy */ = {
			isa = PBXContainerItemProxy;
			containerPortal = F17CFD1C27B3750A000E3121 /* Project object */;
			proxyType = 1;
			remoteGlobalIDString = F17CFD2327B3750A000E3121;
			remoteInfo = flixster;
		};
/* End PBXContainerItemProxy section */

/* Begin PBXFileReference section */
		4562741C52F3D81F4343B308 /* Pods_flixster.framework */ = {isa = PBXFileReference; explicitFileType = wrapper.framework; includeInIndex = 0; path = Pods_flixster.framework; sourceTree = BUILT_PRODUCTS_DIR; };
		5601C53158AE9DBCDA03F2E2 /* Pods_flixster_flixsterUITests.framework */ = {isa = PBXFileReference; explicitFileType = wrapper.framework; includeInIndex = 0; path = Pods_flixster_flixsterUITests.framework; sourceTree = BUILT_PRODUCTS_DIR; };
		83A3899433E639D9712691C2 /* Pods-flixsterTests.release.xcconfig */ = {isa = PBXFileReference; includeInIndex = 1; lastKnownFileType = text.xcconfig; name = "Pods-flixsterTests.release.xcconfig"; path = "Target Support Files/Pods-flixsterTests/Pods-flixsterTests.release.xcconfig"; sourceTree = "<group>"; };
		9839B295118B63F183078FE3 /* Pods-flixster.release.xcconfig */ = {isa = PBXFileReference; includeInIndex = 1; lastKnownFileType = text.xcconfig; name = "Pods-flixster.release.xcconfig"; path = "Target Support Files/Pods-flixster/Pods-flixster.release.xcconfig"; sourceTree = "<group>"; };
		C162D1F98CA8802941AAAC85 /* Pods-flixsterTests.debug.xcconfig */ = {isa = PBXFileReference; includeInIndex = 1; lastKnownFileType = text.xcconfig; name = "Pods-flixsterTests.debug.xcconfig"; path = "Target Support Files/Pods-flixsterTests/Pods-flixsterTests.debug.xcconfig"; sourceTree = "<group>"; };
		D02935E40F257D46E81FFFFB /* Pods-flixster-flixsterUITests.release.xcconfig */ = {isa = PBXFileReference; includeInIndex = 1; lastKnownFileType = text.xcconfig; name = "Pods-flixster-flixsterUITests.release.xcconfig"; path = "Target Support Files/Pods-flixster-flixsterUITests/Pods-flixster-flixsterUITests.release.xcconfig"; sourceTree = "<group>"; };
		D18E2F8124960E7512DDA9FF /* Pods_flixsterTests.framework */ = {isa = PBXFileReference; explicitFileType = wrapper.framework; includeInIndex = 0; path = Pods_flixsterTests.framework; sourceTree = BUILT_PRODUCTS_DIR; };
		E22CFB70C0D97A3DEB2DCC1C /* Pods-flixster.debug.xcconfig */ = {isa = PBXFileReference; includeInIndex = 1; lastKnownFileType = text.xcconfig; name = "Pods-flixster.debug.xcconfig"; path = "Target Support Files/Pods-flixster/Pods-flixster.debug.xcconfig"; sourceTree = "<group>"; };
		F17CFD2427B3750A000E3121 /* flixster.app */ = {isa = PBXFileReference; explicitFileType = wrapper.application; includeInIndex = 0; path = flixster.app; sourceTree = BUILT_PRODUCTS_DIR; };
		F17CFD2727B3750A000E3121 /* AppDelegate.swift */ = {isa = PBXFileReference; lastKnownFileType = sourcecode.swift; path = AppDelegate.swift; sourceTree = "<group>"; };
		F17CFD2927B3750A000E3121 /* SceneDelegate.swift */ = {isa = PBXFileReference; lastKnownFileType = sourcecode.swift; path = SceneDelegate.swift; sourceTree = "<group>"; };
		F17CFD2B27B3750A000E3121 /* ViewController.swift */ = {isa = PBXFileReference; lastKnownFileType = sourcecode.swift; path = ViewController.swift; sourceTree = "<group>"; };
		F17CFD2E27B3750A000E3121 /* Base */ = {isa = PBXFileReference; lastKnownFileType = file.storyboard; name = Base; path = Base.lproj/Main.storyboard; sourceTree = "<group>"; };
		F17CFD3027B3750B000E3121 /* Assets.xcassets */ = {isa = PBXFileReference; lastKnownFileType = folder.assetcatalog; path = Assets.xcassets; sourceTree = "<group>"; };
		F17CFD3327B3750B000E3121 /* Base */ = {isa = PBXFileReference; lastKnownFileType = file.storyboard; name = Base; path = Base.lproj/LaunchScreen.storyboard; sourceTree = "<group>"; };
		F17CFD3527B3750B000E3121 /* Info.plist */ = {isa = PBXFileReference; lastKnownFileType = text.plist.xml; path = Info.plist; sourceTree = "<group>"; };
		F17CFD3A27B3750B000E3121 /* flixsterTests.xctest */ = {isa = PBXFileReference; explicitFileType = wrapper.cfbundle; includeInIndex = 0; path = flixsterTests.xctest; sourceTree = BUILT_PRODUCTS_DIR; };
		F17CFD3E27B3750B000E3121 /* flixsterTests.swift */ = {isa = PBXFileReference; lastKnownFileType = sourcecode.swift; path = flixsterTests.swift; sourceTree = "<group>"; };
		F17CFD4427B3750B000E3121 /* flixsterUITests.xctest */ = {isa = PBXFileReference; explicitFileType = wrapper.cfbundle; includeInIndex = 0; path = flixsterUITests.xctest; sourceTree = BUILT_PRODUCTS_DIR; };
		F17CFD4827B3750B000E3121 /* flixsterUITests.swift */ = {isa = PBXFileReference; lastKnownFileType = sourcecode.swift; path = flixsterUITests.swift; sourceTree = "<group>"; };
		F17CFD4A27B3750B000E3121 /* flixsterUITestsLaunchTests.swift */ = {isa = PBXFileReference; lastKnownFileType = sourcecode.swift; path = flixsterUITestsLaunchTests.swift; sourceTree = "<group>"; };
		F17CFD5727B39CDC000E3121 /* MovieCell.swift */ = {isa = PBXFileReference; lastKnownFileType = sourcecode.swift; path = MovieCell.swift; sourceTree = "<group>"; };
		FF2A43850F0235A9158342F1 /* Pods-flixster-flixsterUITests.debug.xcconfig */ = {isa = PBXFileReference; includeInIndex = 1; lastKnownFileType = text.xcconfig; name = "Pods-flixster-flixsterUITests.debug.xcconfig"; path = "Target Support Files/Pods-flixster-flixsterUITests/Pods-flixster-flixsterUITests.debug.xcconfig"; sourceTree = "<group>"; };
/* End PBXFileReference section */

/* Begin PBXFrameworksBuildPhase section */
		F17CFD2127B3750A000E3121 /* Frameworks */ = {
			isa = PBXFrameworksBuildPhase;
			buildActionMask = 2147483647;
			files = (
				F17CFD5B27B3A497000E3121 /* AlamofireImage in Frameworks */,
				F956DE63CF1FB1DE355294A2 /* Pods_flixster.framework in Frameworks */,
			);
			runOnlyForDeploymentPostprocessing = 0;
		};
		F17CFD3727B3750B000E3121 /* Frameworks */ = {
			isa = PBXFrameworksBuildPhase;
			buildActionMask = 2147483647;
			files = (
				05A51B4C42627BBC2EA73738 /* Pods_flixsterTests.framework in Frameworks */,
			);
			runOnlyForDeploymentPostprocessing = 0;
		};
		F17CFD4127B3750B000E3121 /* Frameworks */ = {
			isa = PBXFrameworksBuildPhase;
			buildActionMask = 2147483647;
			files = (
				1B584229B23332CAD980A5F5 /* Pods_flixster_flixsterUITests.framework in Frameworks */,
			);
			runOnlyForDeploymentPostprocessing = 0;
		};
/* End PBXFrameworksBuildPhase section */

/* Begin PBXGroup section */
		09D9D66FCAC2F0112B75CECB /* Pods */ = {
			isa = PBXGroup;
			children = (
				E22CFB70C0D97A3DEB2DCC1C /* Pods-flixster.debug.xcconfig */,
				9839B295118B63F183078FE3 /* Pods-flixster.release.xcconfig */,
				FF2A43850F0235A9158342F1 /* Pods-flixster-flixsterUITests.debug.xcconfig */,
				D02935E40F257D46E81FFFFB /* Pods-flixster-flixsterUITests.release.xcconfig */,
				C162D1F98CA8802941AAAC85 /* Pods-flixsterTests.debug.xcconfig */,
				83A3899433E639D9712691C2 /* Pods-flixsterTests.release.xcconfig */,
			);
			name = Pods;
			path = Pods;
			sourceTree = "<group>";
		};
		F17CFD1B27B3750A000E3121 = {
			isa = PBXGroup;
			children = (
				F17CFD2627B3750A000E3121 /* flixster */,
				F17CFD3D27B3750B000E3121 /* flixsterTests */,
				F17CFD4727B3750B000E3121 /* flixsterUITests */,
				F17CFD2527B3750A000E3121 /* Products */,
				09D9D66FCAC2F0112B75CECB /* Pods */,
				F73EF7A80457544F655FC920 /* Frameworks */,
			);
			sourceTree = "<group>";
		};
		F17CFD2527B3750A000E3121 /* Products */ = {
			isa = PBXGroup;
			children = (
				F17CFD2427B3750A000E3121 /* flixster.app */,
				F17CFD3A27B3750B000E3121 /* flixsterTests.xctest */,
				F17CFD4427B3750B000E3121 /* flixsterUITests.xctest */,
			);
			name = Products;
			sourceTree = "<group>";
		};
		F17CFD2627B3750A000E3121 /* flixster */ = {
			isa = PBXGroup;
			children = (
				F17CFD2727B3750A000E3121 /* AppDelegate.swift */,
				F17CFD2927B3750A000E3121 /* SceneDelegate.swift */,
				F17CFD2B27B3750A000E3121 /* ViewController.swift */,
				F17CFD2D27B3750A000E3121 /* Main.storyboard */,
				F17CFD5727B39CDC000E3121 /* MovieCell.swift */,
				F17CFD3027B3750B000E3121 /* Assets.xcassets */,
				F17CFD3227B3750B000E3121 /* LaunchScreen.storyboard */,
				F17CFD3527B3750B000E3121 /* Info.plist */,
			);
			path = flixster;
			sourceTree = "<group>";
		};
		F17CFD3D27B3750B000E3121 /* flixsterTests */ = {
			isa = PBXGroup;
			children = (
				F17CFD3E27B3750B000E3121 /* flixsterTests.swift */,
			);
			path = flixsterTests;
			sourceTree = "<group>";
		};
		F17CFD4727B3750B000E3121 /* flixsterUITests */ = {
			isa = PBXGroup;
			children = (
				F17CFD4827B3750B000E3121 /* flixsterUITests.swift */,
				F17CFD4A27B3750B000E3121 /* flixsterUITestsLaunchTests.swift */,
			);
			path = flixsterUITests;
			sourceTree = "<group>";
		};
		F73EF7A80457544F655FC920 /* Frameworks */ = {
			isa = PBXGroup;
			children = (
				4562741C52F3D81F4343B308 /* Pods_flixster.framework */,
				5601C53158AE9DBCDA03F2E2 /* Pods_flixster_flixsterUITests.framework */,
				D18E2F8124960E7512DDA9FF /* Pods_flixsterTests.framework */,
			);
			name = Frameworks;
			sourceTree = "<group>";
		};
/* End PBXGroup section */

/* Begin PBXNativeTarget section */
		F17CFD2327B3750A000E3121 /* flixster */ = {
			isa = PBXNativeTarget;
			buildConfigurationList = F17CFD4E27B3750B000E3121 /* Build configuration list for PBXNativeTarget "flixster" */;
			buildPhases = (
				A9DE49B04E66A3395E43E940 /* [CP] Check Pods Manifest.lock */,
				F17CFD2027B3750A000E3121 /* Sources */,
				F17CFD2127B3750A000E3121 /* Frameworks */,
				F17CFD2227B3750A000E3121 /* Resources */,
				DBB850CEEE15EF87C95AF70B /* [CP] Embed Pods Frameworks */,
			);
			buildRules = (
			);
			dependencies = (
			);
			name = flixster;
			packageProductDependencies = (
				F17CFD5A27B3A497000E3121 /* AlamofireImage */,
			);
			productName = flixster;
			productReference = F17CFD2427B3750A000E3121 /* flixster.app */;
			productType = "com.apple.product-type.application";
		};
		F17CFD3927B3750B000E3121 /* flixsterTests */ = {
			isa = PBXNativeTarget;
			buildConfigurationList = F17CFD5127B3750B000E3121 /* Build configuration list for PBXNativeTarget "flixsterTests" */;
			buildPhases = (
				C5F9D74E1C8B7B6AE88ECDBF /* [CP] Check Pods Manifest.lock */,
				F17CFD3627B3750B000E3121 /* Sources */,
				F17CFD3727B3750B000E3121 /* Frameworks */,
				F17CFD3827B3750B000E3121 /* Resources */,
			);
			buildRules = (
			);
			dependencies = (
				F17CFD3C27B3750B000E3121 /* PBXTargetDependency */,
			);
			name = flixsterTests;
			productName = flixsterTests;
			productReference = F17CFD3A27B3750B000E3121 /* flixsterTests.xctest */;
			productType = "com.apple.product-type.bundle.unit-test";
		};
		F17CFD4327B3750B000E3121 /* flixsterUITests */ = {
			isa = PBXNativeTarget;
			buildConfigurationList = F17CFD5427B3750B000E3121 /* Build configuration list for PBXNativeTarget "flixsterUITests" */;
			buildPhases = (
				2D8D15F4FE4AAABD4634D418 /* [CP] Check Pods Manifest.lock */,
				F17CFD4027B3750B000E3121 /* Sources */,
				F17CFD4127B3750B000E3121 /* Frameworks */,
				F17CFD4227B3750B000E3121 /* Resources */,
				50433DD7D3FBC4F555399713 /* [CP] Embed Pods Frameworks */,
			);
			buildRules = (
			);
			dependencies = (
				F17CFD4627B3750B000E3121 /* PBXTargetDependency */,
			);
			name = flixsterUITests;
			productName = flixsterUITests;
			productReference = F17CFD4427B3750B000E3121 /* flixsterUITests.xctest */;
			productType = "com.apple.product-type.bundle.ui-testing";
		};
/* End PBXNativeTarget section */

/* Begin PBXProject section */
		F17CFD1C27B3750A000E3121 /* Project object */ = {
			isa = PBXProject;
			attributes = {
				BuildIndependentTargetsInParallel = 1;
				LastSwiftUpdateCheck = 1320;
				LastUpgradeCheck = 1320;
				TargetAttributes = {
					F17CFD2327B3750A000E3121 = {
						CreatedOnToolsVersion = 13.2.1;
					};
					F17CFD3927B3750B000E3121 = {
						CreatedOnToolsVersion = 13.2.1;
						TestTargetID = F17CFD2327B3750A000E3121;
					};
					F17CFD4327B3750B000E3121 = {
						CreatedOnToolsVersion = 13.2.1;
						TestTargetID = F17CFD2327B3750A000E3121;
					};
				};
			};
			buildConfigurationList = F17CFD1F27B3750A000E3121 /* Build configuration list for PBXProject "flixster" */;
			compatibilityVersion = "Xcode 13.0";
			developmentRegion = en;
			hasScannedForEncodings = 0;
			knownRegions = (
				en,
				Base,
			);
			mainGroup = F17CFD1B27B3750A000E3121;
			packageReferences = (
				F17CFD5927B3A497000E3121 /* XCRemoteSwiftPackageReference "AlamofireImage" */,
			);
			productRefGroup = F17CFD2527B3750A000E3121 /* Products */;
			projectDirPath = "";
			projectRoot = "";
			targets = (
				F17CFD2327B3750A000E3121 /* flixster */,
				F17CFD3927B3750B000E3121 /* flixsterTests */,
				F17CFD4327B3750B000E3121 /* flixsterUITests */,
			);
		};
/* End PBXProject section */

/* Begin PBXResourcesBuildPhase section */
		F17CFD2227B3750A000E3121 /* Resources */ = {
			isa = PBXResourcesBuildPhase;
			buildActionMask = 2147483647;
			files = (
				F17CFD3427B3750B000E3121 /* LaunchScreen.storyboard in Resources */,
				F17CFD3127B3750B000E3121 /* Assets.xcassets in Resources */,
				F17CFD2F27B3750A000E3121 /* Main.storyboard in Resources */,
			);
			runOnlyForDeploymentPostprocessing = 0;
		};
		F17CFD3827B3750B000E3121 /* Resources */ = {
			isa = PBXResourcesBuildPhase;
			buildActionMask = 2147483647;
			files = (
			);
			runOnlyForDeploymentPostprocessing = 0;
		};
		F17CFD4227B3750B000E3121 /* Resources */ = {
			isa = PBXResourcesBuildPhase;
			buildActionMask = 2147483647;
			files = (
			);
			runOnlyForDeploymentPostprocessing = 0;
		};
/* End PBXResourcesBuildPhase section */

/* Begin PBXShellScriptBuildPhase section */
		2D8D15F4FE4AAABD4634D418 /* [CP] Check Pods Manifest.lock */ = {
			isa = PBXShellScriptBuildPhase;
			buildActionMask = 2147483647;
			files = (
			);
			inputFileListPaths = (
			);
			inputPaths = (
				"${PODS_PODFILE_DIR_PATH}/Podfile.lock",
				"${PODS_ROOT}/Manifest.lock",
			);
			name = "[CP] Check Pods Manifest.lock";
			outputFileListPaths = (
			);
			outputPaths = (
				"$(DERIVED_FILE_DIR)/Pods-flixster-flixsterUITests-checkManifestLockResult.txt",
			);
			runOnlyForDeploymentPostprocessing = 0;
			shellPath = /bin/sh;
			shellScript = "diff \"${PODS_PODFILE_DIR_PATH}/Podfile.lock\" \"${PODS_ROOT}/Manifest.lock\" > /dev/null\nif [ $? != 0 ] ; then\n    # print error to STDERR\n    echo \"error: The sandbox is not in sync with the Podfile.lock. Run 'pod install' or update your CocoaPods installation.\" >&2\n    exit 1\nfi\n# This output is used by Xcode 'outputs' to avoid re-running this script phase.\necho \"SUCCESS\" > \"${SCRIPT_OUTPUT_FILE_0}\"\n";
			showEnvVarsInLog = 0;
		};
		50433DD7D3FBC4F555399713 /* [CP] Embed Pods Frameworks */ = {
			isa = PBXShellScriptBuildPhase;
			buildActionMask = 2147483647;
			files = (
			);
			inputFileListPaths = (
				"${PODS_ROOT}/Target Support Files/Pods-flixster-flixsterUITests/Pods-flixster-flixsterUITests-frameworks-${CONFIGURATION}-input-files.xcfilelist",
			);
			name = "[CP] Embed Pods Frameworks";
			outputFileListPaths = (
				"${PODS_ROOT}/Target Support Files/Pods-flixster-flixsterUITests/Pods-flixster-flixsterUITests-frameworks-${CONFIGURATION}-output-files.xcfilelist",
			);
			runOnlyForDeploymentPostprocessing = 0;
			shellPath = /bin/sh;
			shellScript = "\"${PODS_ROOT}/Target Support Files/Pods-flixster-flixsterUITests/Pods-flixster-flixsterUITests-frameworks.sh\"\n";
			showEnvVarsInLog = 0;
		};
		A9DE49B04E66A3395E43E940 /* [CP] Check Pods Manifest.lock */ = {
			isa = PBXShellScriptBuildPhase;
			buildActionMask = 2147483647;
			files = (
			);
			inputFileListPaths = (
			);
			inputPaths = (
				"${PODS_PODFILE_DIR_PATH}/Podfile.lock",
				"${PODS_ROOT}/Manifest.lock",
			);
			name = "[CP] Check Pods Manifest.lock";
			outputFileListPaths = (
			);
			outputPaths = (
				"$(DERIVED_FILE_DIR)/Pods-flixster-checkManifestLockResult.txt",
			);
			runOnlyForDeploymentPostprocessing = 0;
			shellPath = /bin/sh;
			shellScript = "diff \"${PODS_PODFILE_DIR_PATH}/Podfile.lock\" \"${PODS_ROOT}/Manifest.lock\" > /dev/null\nif [ $? != 0 ] ; then\n    # print error to STDERR\n    echo \"error: The sandbox is not in sync with the Podfile.lock. Run 'pod install' or update your CocoaPods installation.\" >&2\n    exit 1\nfi\n# This output is used by Xcode 'outputs' to avoid re-running this script phase.\necho \"SUCCESS\" > \"${SCRIPT_OUTPUT_FILE_0}\"\n";
			showEnvVarsInLog = 0;
		};
		C5F9D74E1C8B7B6AE88ECDBF /* [CP] Check Pods Manifest.lock */ = {
			isa = PBXShellScriptBuildPhase;
			buildActionMask = 2147483647;
			files = (
			);
			inputFileListPaths = (
			);
			inputPaths = (
				"${PODS_PODFILE_DIR_PATH}/Podfile.lock",
				"${PODS_ROOT}/Manifest.lock",
			);
			name = "[CP] Check Pods Manifest.lock";
			outputFileListPaths = (
			);
			outputPaths = (
				"$(DERIVED_FILE_DIR)/Pods-flixsterTests-checkManifestLockResult.txt",
			);
			runOnlyForDeploymentPostprocessing = 0;
			shellPath = /bin/sh;
			shellScript = "diff \"${PODS_PODFILE_DIR_PATH}/Podfile.lock\" \"${PODS_ROOT}/Manifest.lock\" > /dev/null\nif [ $? != 0 ] ; then\n    # print error to STDERR\n    echo \"error: The sandbox is not in sync with the Podfile.lock. Run 'pod install' or update your CocoaPods installation.\" >&2\n    exit 1\nfi\n# This output is used by Xcode 'outputs' to avoid re-running this script phase.\necho \"SUCCESS\" > \"${SCRIPT_OUTPUT_FILE_0}\"\n";
			showEnvVarsInLog = 0;
		};
		DBB850CEEE15EF87C95AF70B /* [CP] Embed Pods Frameworks */ = {
			isa = PBXShellScriptBuildPhase;
			buildActionMask = 2147483647;
			files = (
			);
			inputFileListPaths = (
				"${PODS_ROOT}/Target Support Files/Pods-flixster/Pods-flixster-frameworks-${CONFIGURATION}-input-files.xcfilelist",
			);
			name = "[CP] Embed Pods Frameworks";
			outputFileListPaths = (
				"${PODS_ROOT}/Target Support Files/Pods-flixster/Pods-flixster-frameworks-${CONFIGURATION}-output-files.xcfilelist",
			);
			runOnlyForDeploymentPostprocessing = 0;
			shellPath = /bin/sh;
			shellScript = "\"${PODS_ROOT}/Target Support Files/Pods-flixster/Pods-flixster-frameworks.sh\"\n";
			showEnvVarsInLog = 0;
		};
/* End PBXShellScriptBuildPhase section */

/* Begin PBXSourcesBuildPhase section */
		F17CFD2027B3750A000E3121 /* Sources */ = {
			isa = PBXSourcesBuildPhase;
			buildActionMask = 2147483647;
			files = (
				F17CFD2C27B3750A000E3121 /* ViewController.swift in Sources */,
				F17CFD2827B3750A000E3121 /* AppDelegate.swift in Sources */,
				F17CFD5827B39CDC000E3121 /* MovieCell.swift in Sources */,
				F17CFD2A27B3750A000E3121 /* SceneDelegate.swift in Sources */,
			);
			runOnlyForDeploymentPostprocessing = 0;
		};
		F17CFD3627B3750B000E3121 /* Sources */ = {
			isa = PBXSourcesBuildPhase;
			buildActionMask = 2147483647;
			files = (
				F17CFD3F27B3750B000E3121 /* flixsterTests.swift in Sources */,
			);
			runOnlyForDeploymentPostprocessing = 0;
		};
		F17CFD4027B3750B000E3121 /* Sources */ = {
			isa = PBXSourcesBuildPhase;
			buildActionMask = 2147483647;
			files = (
				F17CFD4B27B3750B000E3121 /* flixsterUITestsLaunchTests.swift in Sources */,
				F17CFD4927B3750B000E3121 /* flixsterUITests.swift in Sources */,
			);
			runOnlyForDeploymentPostprocessing = 0;
		};
/* End PBXSourcesBuildPhase section */

/* Begin PBXTargetDependency section */
		F17CFD3C27B3750B000E3121 /* PBXTargetDependency */ = {
			isa = PBXTargetDependency;
			target = F17CFD2327B3750A000E3121 /* flixster */;
			targetProxy = F17CFD3B27B3750B000E3121 /* PBXContainerItemProxy */;
		};
		F17CFD4627B3750B000E3121 /* PBXTargetDependency */ = {
			isa = PBXTargetDependency;
			target = F17CFD2327B3750A000E3121 /* flixster */;
			targetProxy = F17CFD4527B3750B000E3121 /* PBXContainerItemProxy */;
		};
/* End PBXTargetDependency section */

/* Begin PBXVariantGroup section */
		F17CFD2D27B3750A000E3121 /* Main.storyboard */ = {
			isa = PBXVariantGroup;
			children = (
				F17CFD2E27B3750A000E3121 /* Base */,
			);
			name = Main.storyboard;
			sourceTree = "<group>";
		};
		F17CFD3227B3750B000E3121 /* LaunchScreen.storyboard */ = {
			isa = PBXVariantGroup;
			children = (
				F17CFD3327B3750B000E3121 /* Base */,
			);
			name = LaunchScreen.storyboard;
			sourceTree = "<group>";
		};
/* End PBXVariantGroup section */

/* Begin XCBuildConfiguration section */
		F17CFD4C27B3750B000E3121 /* Debug */ = {
			isa = XCBuildConfiguration;
			buildSettings = {
				ALWAYS_SEARCH_USER_PATHS = NO;
				CLANG_ANALYZER_NONNULL = YES;
				CLANG_ANALYZER_NUMBER_OBJECT_CONVERSION = YES_AGGRESSIVE;
				CLANG_CXX_LANGUAGE_STANDARD = "gnu++17";
				CLANG_CXX_LIBRARY = "libc++";
				CLANG_ENABLE_MODULES = YES;
				CLANG_ENABLE_OBJC_ARC = YES;
				CLANG_ENABLE_OBJC_WEAK = YES;
				CLANG_WARN_BLOCK_CAPTURE_AUTORELEASING = YES;
				CLANG_WARN_BOOL_CONVERSION = YES;
				CLANG_WARN_COMMA = YES;
				CLANG_WARN_CONSTANT_CONVERSION = YES;
				CLANG_WARN_DEPRECATED_OBJC_IMPLEMENTATIONS = YES;
				CLANG_WARN_DIRECT_OBJC_ISA_USAGE = YES_ERROR;
				CLANG_WARN_DOCUMENTATION_COMMENTS = YES;
				CLANG_WARN_EMPTY_BODY = YES;
				CLANG_WARN_ENUM_CONVERSION = YES;
				CLANG_WARN_INFINITE_RECURSION = YES;
				CLANG_WARN_INT_CONVERSION = YES;
				CLANG_WARN_NON_LITERAL_NULL_CONVERSION = YES;
				CLANG_WARN_OBJC_IMPLICIT_RETAIN_SELF = YES;
				CLANG_WARN_OBJC_LITERAL_CONVERSION = YES;
				CLANG_WARN_OBJC_ROOT_CLASS = YES_ERROR;
				CLANG_WARN_QUOTED_INCLUDE_IN_FRAMEWORK_HEADER = YES;
				CLANG_WARN_RANGE_LOOP_ANALYSIS = YES;
				CLANG_WARN_STRICT_PROTOTYPES = YES;
				CLANG_WARN_SUSPICIOUS_MOVE = YES;
				CLANG_WARN_UNGUARDED_AVAILABILITY = YES_AGGRESSIVE;
				CLANG_WARN_UNREACHABLE_CODE = YES;
				CLANG_WARN__DUPLICATE_METHOD_MATCH = YES;
				COPY_PHASE_STRIP = NO;
				DEBUG_INFORMATION_FORMAT = dwarf;
				ENABLE_STRICT_OBJC_MSGSEND = YES;
				ENABLE_TESTABILITY = YES;
				GCC_C_LANGUAGE_STANDARD = gnu11;
				GCC_DYNAMIC_NO_PIC = NO;
				GCC_NO_COMMON_BLOCKS = YES;
				GCC_OPTIMIZATION_LEVEL = 0;
				GCC_PREPROCESSOR_DEFINITIONS = (
					"DEBUG=1",
					"$(inherited)",
				);
				GCC_WARN_64_TO_32_BIT_CONVERSION = YES;
				GCC_WARN_ABOUT_RETURN_TYPE = YES_ERROR;
				GCC_WARN_UNDECLARED_SELECTOR = YES;
				GCC_WARN_UNINITIALIZED_AUTOS = YES_AGGRESSIVE;
				GCC_WARN_UNUSED_FUNCTION = YES;
				GCC_WARN_UNUSED_VARIABLE = YES;
				IPHONEOS_DEPLOYMENT_TARGET = 15.2;
				MTL_ENABLE_DEBUG_INFO = INCLUDE_SOURCE;
				MTL_FAST_MATH = YES;
				ONLY_ACTIVE_ARCH = YES;
				SDKROOT = iphoneos;
				SWIFT_ACTIVE_COMPILATION_CONDITIONS = DEBUG;
				SWIFT_OPTIMIZATION_LEVEL = "-Onone";
			};
			name = Debug;
		};
		F17CFD4D27B3750B000E3121 /* Release */ = {
			isa = XCBuildConfiguration;
			buildSettings = {
				ALWAYS_SEARCH_USER_PATHS = NO;
				CLANG_ANALYZER_NONNULL = YES;
				CLANG_ANALYZER_NUMBER_OBJECT_CONVERSION = YES_AGGRESSIVE;
				CLANG_CXX_LANGUAGE_STANDARD = "gnu++17";
				CLANG_CXX_LIBRARY = "libc++";
				CLANG_ENABLE_MODULES = YES;
				CLANG_ENABLE_OBJC_ARC = YES;
				CLANG_ENABLE_OBJC_WEAK = YES;
				CLANG_WARN_BLOCK_CAPTURE_AUTORELEASING = YES;
				CLANG_WARN_BOOL_CONVERSION = YES;
				CLANG_WARN_COMMA = YES;
				CLANG_WARN_CONSTANT_CONVERSION = YES;
				CLANG_WARN_DEPRECATED_OBJC_IMPLEMENTATIONS = YES;
				CLANG_WARN_DIRECT_OBJC_ISA_USAGE = YES_ERROR;
				CLANG_WARN_DOCUMENTATION_COMMENTS = YES;
				CLANG_WARN_EMPTY_BODY = YES;
				CLANG_WARN_ENUM_CONVERSION = YES;
				CLANG_WARN_INFINITE_RECURSION = YES;
				CLANG_WARN_INT_CONVERSION = YES;
				CLANG_WARN_NON_LITERAL_NULL_CONVERSION = YES;
				CLANG_WARN_OBJC_IMPLICIT_RETAIN_SELF = YES;
				CLANG_WARN_OBJC_LITERAL_CONVERSION = YES;
				CLANG_WARN_OBJC_ROOT_CLASS = YES_ERROR;
				CLANG_WARN_QUOTED_INCLUDE_IN_FRAMEWORK_HEADER = YES;
				CLANG_WARN_RANGE_LOOP_ANALYSIS = YES;
				CLANG_WARN_STRICT_PROTOTYPES = YES;
				CLANG_WARN_SUSPICIOUS_MOVE = YES;
				CLANG_WARN_UNGUARDED_AVAILABILITY = YES_AGGRESSIVE;
				CLANG_WARN_UNREACHABLE_CODE = YES;
				CLANG_WARN__DUPLICATE_METHOD_MATCH = YES;
				COPY_PHASE_STRIP = NO;
				DEBUG_INFORMATION_FORMAT = "dwarf-with-dsym";
				ENABLE_NS_ASSERTIONS = NO;
				ENABLE_STRICT_OBJC_MSGSEND = YES;
				GCC_C_LANGUAGE_STANDARD = gnu11;
				GCC_NO_COMMON_BLOCKS = YES;
				GCC_WARN_64_TO_32_BIT_CONVERSION = YES;
				GCC_WARN_ABOUT_RETURN_TYPE = YES_ERROR;
				GCC_WARN_UNDECLARED_SELECTOR = YES;
				GCC_WARN_UNINITIALIZED_AUTOS = YES_AGGRESSIVE;
				GCC_WARN_UNUSED_FUNCTION = YES;
				GCC_WARN_UNUSED_VARIABLE = YES;
				IPHONEOS_DEPLOYMENT_TARGET = 15.2;
				MTL_ENABLE_DEBUG_INFO = NO;
				MTL_FAST_MATH = YES;
				SDKROOT = iphoneos;
				SWIFT_COMPILATION_MODE = wholemodule;
				SWIFT_OPTIMIZATION_LEVEL = "-O";
				VALIDATE_PRODUCT = YES;
			};
			name = Release;
		};
		F17CFD4F27B3750B000E3121 /* Debug */ = {
			isa = XCBuildConfiguration;
			baseConfigurationReference = E22CFB70C0D97A3DEB2DCC1C /* Pods-flixster.debug.xcconfig */;
			buildSettings = {
				ASSETCATALOG_COMPILER_APPICON_NAME = AppIcon;
				ASSETCATALOG_COMPILER_GLOBAL_ACCENT_COLOR_NAME = AccentColor;
				CODE_SIGN_STYLE = Automatic;
				CURRENT_PROJECT_VERSION = 1;
				DEVELOPMENT_TEAM = 2MK2A874DV;
				GENERATE_INFOPLIST_FILE = YES;
				INFOPLIST_FILE = flixster/Info.plist;
				INFOPLIST_KEY_UIApplicationSupportsIndirectInputEvents = YES;
				INFOPLIST_KEY_UILaunchStoryboardName = LaunchScreen;
				INFOPLIST_KEY_UIMainStoryboardFile = Main;
				INFOPLIST_KEY_UISupportedInterfaceOrientations_iPad = "UIInterfaceOrientationPortrait UIInterfaceOrientationPortraitUpsideDown UIInterfaceOrientationLandscapeLeft UIInterfaceOrientationLandscapeRight";
				INFOPLIST_KEY_UISupportedInterfaceOrientations_iPhone = "UIInterfaceOrientationPortrait UIInterfaceOrientationLandscapeLeft UIInterfaceOrientationLandscapeRight";
				LD_RUNPATH_SEARCH_PATHS = (
					"$(inherited)",
					"@executable_path/Frameworks",
				);
				MARKETING_VERSION = 1.0;
				PRODUCT_BUNDLE_IDENTIFIER = com.isa.estrada.flixster;
				PRODUCT_NAME = "$(TARGET_NAME)";
				SWIFT_EMIT_LOC_STRINGS = YES;
				SWIFT_VERSION = 5.0;
				TARGETED_DEVICE_FAMILY = "1,2";
			};
			name = Debug;
		};
		F17CFD5027B3750B000E3121 /* Release */ = {
			isa = XCBuildConfiguration;
			baseConfigurationReference = 9839B295118B63F183078FE3 /* Pods-flixster.release.xcconfig */;
			buildSettings = {
				ASSETCATALOG_COMPILER_APPICON_NAME = AppIcon;
				ASSETCATALOG_COMPILER_GLOBAL_ACCENT_COLOR_NAME = AccentColor;
				CODE_SIGN_STYLE = Automatic;
				CURRENT_PROJECT_VERSION = 1;
				DEVELOPMENT_TEAM = 2MK2A874DV;
				GENERATE_INFOPLIST_FILE = YES;
				INFOPLIST_FILE = flixster/Info.plist;
				INFOPLIST_KEY_UIApplicationSupportsIndirectInputEvents = YES;
				INFOPLIST_KEY_UILaunchStoryboardName = LaunchScreen;
				INFOPLIST_KEY_UIMainStoryboardFile = Main;
				INFOPLIST_KEY_UISupportedInterfaceOrientations_iPad = "UIInterfaceOrientationPortrait UIInterfaceOrientationPortraitUpsideDown UIInterfaceOrientationLandscapeLeft UIInterfaceOrientationLandscapeRight";
				INFOPLIST_KEY_UISupportedInterfaceOrientations_iPhone = "UIInterfaceOrientationPortrait UIInterfaceOrientationLandscapeLeft UIInterfaceOrientationLandscapeRight";
				LD_RUNPATH_SEARCH_PATHS = (
					"$(inherited)",
					"@executable_path/Frameworks",
				);
				MARKETING_VERSION = 1.0;
				PRODUCT_BUNDLE_IDENTIFIER = com.isa.estrada.flixster;
				PRODUCT_NAME = "$(TARGET_NAME)";
				SWIFT_EMIT_LOC_STRINGS = YES;
				SWIFT_VERSION = 5.0;
				TARGETED_DEVICE_FAMILY = "1,2";
			};
			name = Release;
		};
		F17CFD5227B3750B000E3121 /* Debug */ = {
			isa = XCBuildConfiguration;
			baseConfigurationReference = C162D1F98CA8802941AAAC85 /* Pods-flixsterTests.debug.xcconfig */;
			buildSettings = {
				ALWAYS_EMBED_SWIFT_STANDARD_LIBRARIES = YES;
				BUNDLE_LOADER = "$(TEST_HOST)";
				CODE_SIGN_STYLE = Automatic;
				CURRENT_PROJECT_VERSION = 1;
				DEVELOPMENT_TEAM = 2MK2A874DV;
				GENERATE_INFOPLIST_FILE = YES;
				IPHONEOS_DEPLOYMENT_TARGET = 15.2;
				MARKETING_VERSION = 1.0;
				PRODUCT_BUNDLE_IDENTIFIER = com.isa.estrada.flixsterTests;
				PRODUCT_NAME = "$(TARGET_NAME)";
				SWIFT_EMIT_LOC_STRINGS = NO;
				SWIFT_VERSION = 5.0;
				TARGETED_DEVICE_FAMILY = "1,2";
				TEST_HOST = "$(BUILT_PRODUCTS_DIR)/flixster.app/flixster";
			};
			name = Debug;
		};
		F17CFD5327B3750B000E3121 /* Release */ = {
			isa = XCBuildConfiguration;
			baseConfigurationReference = 83A3899433E639D9712691C2 /* Pods-flixsterTests.release.xcconfig */;
			buildSettings = {
				ALWAYS_EMBED_SWIFT_STANDARD_LIBRARIES = YES;
				BUNDLE_LOADER = "$(TEST_HOST)";
				CODE_SIGN_STYLE = Automatic;
				CURRENT_PROJECT_VERSION = 1;
				DEVELOPMENT_TEAM = 2MK2A874DV;
				GENERATE_INFOPLIST_FILE = YES;
				IPHONEOS_DEPLOYMENT_TARGET = 15.2;
				MARKETING_VERSION = 1.0;
				PRODUCT_BUNDLE_IDENTIFIER = com.isa.estrada.flixsterTests;
				PRODUCT_NAME = "$(TARGET_NAME)";
				SWIFT_EMIT_LOC_STRINGS = NO;
				SWIFT_VERSION = 5.0;
				TARGETED_DEVICE_FAMILY = "1,2";
				TEST_HOST = "$(BUILT_PRODUCTS_DIR)/flixster.app/flixster";
			};
			name = Release;
		};
		F17CFD5527B3750B000E3121 /* Debug */ = {
			isa = XCBuildConfiguration;
			baseConfigurationReference = FF2A43850F0235A9158342F1 /* Pods-flixster-flixsterUITests.debug.xcconfig */;
			buildSettings = {
				ALWAYS_EMBED_SWIFT_STANDARD_LIBRARIES = YES;
				CODE_SIGN_STYLE = Automatic;
				CURRENT_PROJECT_VERSION = 1;
				DEVELOPMENT_TEAM = 2MK2A874DV;
				GENERATE_INFOPLIST_FILE = YES;
				MARKETING_VERSION = 1.0;
				PRODUCT_BUNDLE_IDENTIFIER = com.isa.estrada.flixsterUITests;
				PRODUCT_NAME = "$(TARGET_NAME)";
				SWIFT_EMIT_LOC_STRINGS = NO;
				SWIFT_VERSION = 5.0;
				TARGETED_DEVICE_FAMILY = "1,2";
				TEST_TARGET_NAME = flixster;
			};
			name = Debug;
		};
		F17CFD5627B3750B000E3121 /* Release */ = {
			isa = XCBuildConfiguration;
			baseConfigurationReference = D02935E40F257D46E81FFFFB /* Pods-flixster-flixsterUITests.release.xcconfig */;
			buildSettings = {
				ALWAYS_EMBED_SWIFT_STANDARD_LIBRARIES = YES;
				CODE_SIGN_STYLE = Automatic;
				CURRENT_PROJECT_VERSION = 1;
				DEVELOPMENT_TEAM = 2MK2A874DV;
				GENERATE_INFOPLIST_FILE = YES;
				MARKETING_VERSION = 1.0;
				PRODUCT_BUNDLE_IDENTIFIER = com.isa.estrada.flixsterUITests;
				PRODUCT_NAME = "$(TARGET_NAME)";
				SWIFT_EMIT_LOC_STRINGS = NO;
				SWIFT_VERSION = 5.0;
				TARGETED_DEVICE_FAMILY = "1,2";
				TEST_TARGET_NAME = flixster;
			};
			name = Release;
		};
/* End XCBuildConfiguration section */

/* Begin XCConfigurationList section */
		F17CFD1F27B3750A000E3121 /* Build configuration list for PBXProject "flixster" */ = {
			isa = XCConfigurationList;
			buildConfigurations = (
				F17CFD4C27B3750B000E3121 /* Debug */,
				F17CFD4D27B3750B000E3121 /* Release */,
			);
			defaultConfigurationIsVisible = 0;
			defaultConfigurationName = Release;
		};
		F17CFD4E27B3750B000E3121 /* Build configuration list for PBXNativeTarget "flixster" */ = {
			isa = XCConfigurationList;
			buildConfigurations = (
				F17CFD4F27B3750B000E3121 /* Debug */,
				F17CFD5027B3750B000E3121 /* Release */,
			);
			defaultConfigurationIsVisible = 0;
			defaultConfigurationName = Release;
		};
		F17CFD5127B3750B000E3121 /* Build configuration list for PBXNativeTarget "flixsterTests" */ = {
			isa = XCConfigurationList;
			buildConfigurations = (
				F17CFD5227B3750B000E3121 /* Debug */,
				F17CFD5327B3750B000E3121 /* Release */,
			);
			defaultConfigurationIsVisible = 0;
			defaultConfigurationName = Release;
		};
		F17CFD5427B3750B000E3121 /* Build configuration list for PBXNativeTarget "flixsterUITests" */ = {
			isa = XCConfigurationList;
			buildConfigurations = (
				F17CFD5527B3750B000E3121 /* Debug */,
				F17CFD5627B3750B000E3121 /* Release */,
			);
			defaultConfigurationIsVisible = 0;
			defaultConfigurationName = Release;
		};
/* End XCConfigurationList section */

/* Begin XCRemoteSwiftPackageReference section */
		F17CFD5927B3A497000E3121 /* XCRemoteSwiftPackageReference "AlamofireImage" */ = {
			isa = XCRemoteSwiftPackageReference;
			repositoryURL = "https://github.com/Alamofire/AlamofireImage";
			requirement = {
				kind = upToNextMajorVersion;
				minimumVersion = 4.0.0;
			};
		};
/* End XCRemoteSwiftPackageReference section */

/* Begin XCSwiftPackageProductDependency section */
		F17CFD5A27B3A497000E3121 /* AlamofireImage */ = {
			isa = XCSwiftPackageProductDependency;
			package = F17CFD5927B3A497000E3121 /* XCRemoteSwiftPackageReference "AlamofireImage" */;
			productName = AlamofireImage;
		};
/* End XCSwiftPackageProductDependency section */
	};
	rootObject = F17CFD1C27B3750A000E3121 /* Project object */;
}
